# This file is automatically @generated by Cargo.
# It is not intended for manual editing.
version = 4

[[package]]
name = "agsv-cli"
version = "0.1.0"
dependencies = [
 "agsv-core",
]

[[package]]
name = "agsv-core"
version = "0.1.0"
dependencies = [
 "agsv-protocol",
]

[[package]]
name = "agsv-protocol"
version = "0.1.0"
